
Microsoft Visual Studio Solution File, Format Version 12.00
# Visual Studio Version 17
VisualStudioVersion = 17.2.32526.322
MinimumVisualStudioVersion = 10.0.40219.1
Project("{FAE04EC0-301F-11D3-BF4B-00C04F79EFBC}") = "HashTableDemo", "HashTableDemo\HashTableDemo.csproj", "{88E97DB0-12C8-46DB-B9E6-A00DF278D62A}"
EndProject
Global
	GlobalSection(SolutionConfigurationPlatforms) = preSolution
		Debug|Any CPU = Debug|Any CPU
		Release|Any CPU = Release|Any CPU
	EndGlobalSection
	GlobalSection(ProjectConfigurationPlatforms) = postSolution
		{88E97DB0-12C8-46DB-B9E6-A00DF278D62A}.Debug|Any CPU.ActiveCfg = Debug|Any CPU
		{88E97DB0-12C8-46DB-B9E6-A00DF278D62A}.Debug|Any CPU.Build.0 = Debug|Any CPU
		{88E97DB0-12C8-46DB-B9E6-A00DF278D62A}.Release|Any CPU.ActiveCfg = Release|Any CPU
		{88E97DB0-12C8-46DB-B9E6-A00DF278D62A}.Release|Any CPU.Build.0 = Release|Any CPU
	EndGlobalSection
	GlobalSection(SolutionProperties) = preSolution
		HideSolutionNode = FALSE
	EndGlobalSection
	GlobalSection(ExtensibilityGlobals) = postSolution
		SolutionGuid = {6C4FB994-76AA-4674-A10E-0CFC435C9A6A}
	EndGlobalSection
EndGlobal
